
Microsoft Visual Studio Solution File, Format Version 12.00
# Visual Studio 15
VisualStudioVersion = 15.0.28307.572
MinimumVisualStudioVersion = 10.0.40219.1
Project("{FAE04EC0-301F-11D3-BF4B-00C04F79EFBC}") = "empolyeesCrudApp", "empolyeesCrudApp\empolyeesCrudApp.csproj", "{B4F7DF44-FA5B-4115-8DD5-B95414AF41DB}"
EndProject
Global
	GlobalSection(SolutionConfigurationPlatforms) = preSolution
		Debug|Any CPU = Debug|Any CPU
		Release|Any CPU = Release|Any CPU
	EndGlobalSection
	GlobalSection(ProjectConfigurationPlatforms) = postSolution
		{B4F7DF44-FA5B-4115-8DD5-B95414AF41DB}.Debug|Any CPU.ActiveCfg = Debug|Any CPU
		{B4F7DF44-FA5B-4115-8DD5-B95414AF41DB}.Debug|Any CPU.Build.0 = Debug|Any CPU
		{B4F7DF44-FA5B-4115-8DD5-B95414AF41DB}.Release|Any CPU.ActiveCfg = Release|Any CPU
		{B4F7DF44-FA5B-4115-8DD5-B95414AF41DB}.Release|Any CPU.Build.0 = Release|Any CPU
	EndGlobalSection
	GlobalSection(SolutionProperties) = preSolution
		HideSolutionNode = FALSE
	EndGlobalSection
	GlobalSection(ExtensibilityGlobals) = postSolution
		SolutionGuid = {0BC55EB1-0AA6-44CC-A383-FFF9F891B06D}
	EndGlobalSection
EndGlobal
